// !$*UTF8*$!
{
	archiveVersion = 1;
	classes = {
	};
	objectVersion = 46;
	objects = {

/* Begin PBXBuildFile section */
		0DBE165A1CB5CA0100ADCD23 /* AVFoundation.framework in Frameworks */ = {isa = PBXBuildFile; fileRef = 0DBE16591CB5CA0100ADCD23 /* AVFoundation.framework */; };
		1725D1C01CADF10600827077 /* AppDelegate.swift in Sources */ = {isa = PBXBuildFile; fileRef = 1725D1BF1CADF10600827077 /* AppDelegate.swift */; };
		1725D1C21CADF10600827077 /* ViewController.swift in Sources */ = {isa = PBXBuildFile; fileRef = 1725D1C11CADF10600827077 /* ViewController.swift */; };
		1725D1C51CADF10600827077 /* Main.storyboard in Resources */ = {isa = PBXBuildFile; fileRef = 1725D1C31CADF10600827077 /* Main.storyboard */; };
		1725D1C71CADF10600827077 /* Assets.xcassets in Resources */ = {isa = PBXBuildFile; fileRef = 1725D1C61CADF10600827077 /* Assets.xcassets */; };
		1725D1CA1CADF10600827077 /* LaunchScreen.storyboard in Resources */ = {isa = PBXBuildFile; fileRef = 1725D1C81CADF10600827077 /* LaunchScreen.storyboard */; };
		1725D1D51CADF10600827077 /* TravelToRioTests.swift in Sources */ = {isa = PBXBuildFile; fileRef = 1725D1D41CADF10600827077 /* TravelToRioTests.swift */; };
		1725D1E01CADF10700827077 /* TravelToRioUITests.swift in Sources */ = {isa = PBXBuildFile; fileRef = 1725D1DF1CADF10700827077 /* TravelToRioUITests.swift */; };
		1736931B1CB0434B0084F231 /* MapKit.framework in Frameworks */ = {isa = PBXBuildFile; fileRef = 1736931A1CB0434B0084F231 /* MapKit.framework */; };
		1736931D1CB043580084F231 /* CoreLocation.framework in Frameworks */ = {isa = PBXBuildFile; fileRef = 1736931C1CB043580084F231 /* CoreLocation.framework */; };
		1736931F1CB0587D0084F231 /* MapViewController.swift in Sources */ = {isa = PBXBuildFile; fileRef = 1736931E1CB0587D0084F231 /* MapViewController.swift */; };
		173693211CB058920084F231 /* AboutPlaceViewController.swift in Sources */ = {isa = PBXBuildFile; fileRef = 173693201CB058920084F231 /* AboutPlaceViewController.swift */; };
		17466EBD1CB30B63002BF7BC /* MenuTableViewController.swift in Sources */ = {isa = PBXBuildFile; fileRef = 17466EBC1CB30B63002BF7BC /* MenuTableViewController.swift */; };
		178726BD1CAF37F500D9DD04 /* TypeTableViewController.swift in Sources */ = {isa = PBXBuildFile; fileRef = 178726BC1CAF37F500D9DD04 /* TypeTableViewController.swift */; };
		178726BF1CAF388700D9DD04 /* TypeTableViewCell.swift in Sources */ = {isa = PBXBuildFile; fileRef = 178726BE1CAF388700D9DD04 /* TypeTableViewCell.swift */; };
		178726C11CAF399D00D9DD04 /* Places.plist in Resources */ = {isa = PBXBuildFile; fileRef = 178726C01CAF399D00D9DD04 /* Places.plist */; };
		178726C31CAF4FDA00D9DD04 /* PlaceTableViewController.swift in Sources */ = {isa = PBXBuildFile; fileRef = 178726C21CAF4FDA00D9DD04 /* PlaceTableViewController.swift */; };
		178726C51CAF501400D9DD04 /* PlaceTableViewCell.swift in Sources */ = {isa = PBXBuildFile; fileRef = 178726C41CAF501400D9DD04 /* PlaceTableViewCell.swift */; };
		17D20B271CB6CE8B009B04C7 /* 2016-03-23 14_50_27-Greenshot capture form.png in Resources */ = {isa = PBXBuildFile; fileRef = 17D20B261CB6CE8B009B04C7 /* 2016-03-23 14_50_27-Greenshot capture form.png */; };
		17D20B2B1CB6E496009B04C7 /* SafetyTableViewController.swift in Sources */ = {isa = PBXBuildFile; fileRef = 17D20B2A1CB6E496009B04C7 /* SafetyTableViewController.swift */; };
		17D20B2D1CB6EA07009B04C7 /* GeneralSafetyViewController.swift in Sources */ = {isa = PBXBuildFile; fileRef = 17D20B2C1CB6EA07009B04C7 /* GeneralSafetyViewController.swift */; };
		17D20B2F1CB6EA39009B04C7 /* BeachSafetyViewController.swift in Sources */ = {isa = PBXBuildFile; fileRef = 17D20B2E1CB6EA39009B04C7 /* BeachSafetyViewController.swift */; };
		17D20B311CB6EA66009B04C7 /* BeAwareViewController.swift in Sources */ = {isa = PBXBuildFile; fileRef = 17D20B301CB6EA66009B04C7 /* BeAwareViewController.swift */; };
		17D20B331CB6EAB2009B04C7 /* FinancialSafetyViewController.swift in Sources */ = {isa = PBXBuildFile; fileRef = 17D20B321CB6EAB2009B04C7 /* FinancialSafetyViewController.swift */; };
		17D20B371CB6FCA1009B04C7 /* ProceedsTableViewController.swift in Sources */ = {isa = PBXBuildFile; fileRef = 17D20B361CB6FCA1009B04C7 /* ProceedsTableViewController.swift */; };
		17D20B391CB6FDB8009B04C7 /* NumbersViewController.swift in Sources */ = {isa = PBXBuildFile; fileRef = 17D20B381CB6FDB8009B04C7 /* NumbersViewController.swift */; };
		17D20B3B1CB6FE13009B04C7 /* HealthViewController.swift in Sources */ = {isa = PBXBuildFile; fileRef = 17D20B3A1CB6FE13009B04C7 /* HealthViewController.swift */; };
		17D20B3D1CB6FE78009B04C7 /* ProceedViewController.swift in Sources */ = {isa = PBXBuildFile; fileRef = 17D20B3C1CB6FE78009B04C7 /* ProceedViewController.swift */; };
		17DFA8E71CBEF7BD005C8BBC /* Media.xcassets in Resources */ = {isa = PBXBuildFile; fileRef = 17DFA8E61CBEF7BD005C8BBC /* Media.xcassets */; };
		17E932781CB48759007C7C78 /* ExpressionsTableViewController.swift in Sources */ = {isa = PBXBuildFile; fileRef = 17E932771CB48759007C7C78 /* ExpressionsTableViewController.swift */; };
		17FDD9AE1CAF1EE9005AAD15 /* Safety.plist in Resources */ = {isa = PBXBuildFile; fileRef = 17FDD9AC1CAF1EE9005AAD15 /* Safety.plist */; };
		17FDD9B01CAF1FE1005AAD15 /* Menu.plist in Resources */ = {isa = PBXBuildFile; fileRef = 17FDD9AF1CAF1FE1005AAD15 /* Menu.plist */; };
		F24151B81CB1F31F00631DFE /* Archeology-96.png in Resources */ = {isa = PBXBuildFile; fileRef = F24151951CB1F31F00631DFE /* Archeology-96.png */; };
		F24151B91CB1F31F00631DFE /* Arena-96.png in Resources */ = {isa = PBXBuildFile; fileRef = F24151961CB1F31F00631DFE /* Arena-96.png */; };
		F24151BA1CB1F31F00631DFE /* Basilica Filled-100.png in Resources */ = {isa = PBXBuildFile; fileRef = F24151971CB1F31F00631DFE /* Basilica Filled-100.png */; };
		F24151BB1CB1F31F00631DFE /* Blackberry-96.png in Resources */ = {isa = PBXBuildFile; fileRef = F24151981CB1F31F00631DFE /* Blackberry-96.png */; };
		F24151BC1CB1F31F00631DFE /* Businesswoman-80.png in Resources */ = {isa = PBXBuildFile; fileRef = F24151991CB1F31F00631DFE /* Businesswoman-80.png */; };
		F24151BD1CB1F31F00631DFE /* Bust-96.png in Resources */ = {isa = PBXBuildFile; fileRef = F241519A1CB1F31F00631DFE /* Bust-96.png */; };
		F24151BE1CB1F31F00631DFE /* Collaboration-80.png in Resources */ = {isa = PBXBuildFile; fileRef = F241519B1CB1F31F00631DFE /* Collaboration-80.png */; };
		F24151BF1CB1F31F00631DFE /* Creek-96.png in Resources */ = {isa = PBXBuildFile; fileRef = F241519C1CB1F31F00631DFE /* Creek-96.png */; };
		F24151C01CB1F31F00631DFE /* Embassy-96.png in Resources */ = {isa = PBXBuildFile; fileRef = F241519D1CB1F31F00631DFE /* Embassy-96.png */; };
		F24151C11CB1F31F00631DFE /* Flip Flops-96.png in Resources */ = {isa = PBXBuildFile; fileRef = F241519E1CB1F31F00631DFE /* Flip Flops-96.png */; };
		F24151C31CB1F31F00631DFE /* Forest-96.png in Resources */ = {isa = PBXBuildFile; fileRef = F24151A01CB1F31F00631DFE /* Forest-96.png */; };
		F24151C41CB1F31F00631DFE /* Gas Mask-96.png in Resources */ = {isa = PBXBuildFile; fileRef = F24151A11CB1F31F00631DFE /* Gas Mask-96.png */; };
		F24151C51CB1F31F00631DFE /* GitHub-96.png in Resources */ = {isa = PBXBuildFile; fileRef = F24151A21CB1F31F00631DFE /* GitHub-96.png */; };
		F24151C61CB1F31F00631DFE /* Leo-96.png in Resources */ = {isa = PBXBuildFile; fileRef = F24151A31CB1F31F00631DFE /* Leo-96.png */; };
		F24151C71CB1F31F00631DFE /* Lighthouse-96.png in Resources */ = {isa = PBXBuildFile; fileRef = F24151A41CB1F31F00631DFE /* Lighthouse-96.png */; };
		F24151C81CB1F31F00631DFE /* Lion Statue-96.png in Resources */ = {isa = PBXBuildFile; fileRef = F24151A51CB1F31F00631DFE /* Lion Statue-96.png */; };
		F24151C91CB1F31F00631DFE /* Mailbox With Letter-96.png in Resources */ = {isa = PBXBuildFile; fileRef = F24151A61CB1F31F00631DFE /* Mailbox With Letter-96.png */; };
		F24151CA1CB1F31F00631DFE /* Manual-96.png in Resources */ = {isa = PBXBuildFile; fileRef = F24151A71CB1F31F00631DFE /* Manual-96.png */; };
		F24151CF1CB1F31F00631DFE /* Nurse-80.png in Resources */ = {isa = PBXBuildFile; fileRef = F24151AC1CB1F31F00631DFE /* Nurse-80.png */; };
		F24151D01CB1F31F00631DFE /* Police Badge-96.png in Resources */ = {isa = PBXBuildFile; fileRef = F24151AD1CB1F31F00631DFE /* Police Badge-96.png */; };
		F24151D11CB1F31F00631DFE /* Police Station-96.png in Resources */ = {isa = PBXBuildFile; fileRef = F24151AE1CB1F31F00631DFE /* Police Station-96.png */; };
		F24151D21CB1F31F00631DFE /* Region Code-96.png in Resources */ = {isa = PBXBuildFile; fileRef = F24151AF1CB1F31F00631DFE /* Region Code-96.png */; };
		F24151D31CB1F31F00631DFE /* Sheriff-96.png in Resources */ = {isa = PBXBuildFile; fileRef = F24151B01CB1F31F00631DFE /* Sheriff-96.png */; };
		F24151D41CB1F31F00631DFE /* Skyscrapers-96.png in Resources */ = {isa = PBXBuildFile; fileRef = F24151B11CB1F31F00631DFE /* Skyscrapers-96.png */; };
		F24151D51CB1F31F00631DFE /* Star-96.png in Resources */ = {isa = PBXBuildFile; fileRef = F24151B21CB1F31F00631DFE /* Star-96.png */; };
		F24151D71CB1F31F00631DFE /* Waypoint Map-96.png in Resources */ = {isa = PBXBuildFile; fileRef = F24151B41CB1F31F00631DFE /* Waypoint Map-96.png */; };
		F24151D91CB1F31F00631DFE /* World Map-96.png in Resources */ = {isa = PBXBuildFile; fileRef = F24151B61CB1F31F00631DFE /* World Map-96.png */; };
		F24151F51CB1F5E000631DFE /* Arpoador.jpeg in Resources */ = {isa = PBXBuildFile; fileRef = F24151DC1CB1F5E000631DFE /* Arpoador.jpeg */; };
		F24151F61CB1F5E000631DFE /* AterrodoFlamengo.jpeg in Resources */ = {isa = PBXBuildFile; fileRef = F24151DD1CB1F5E000631DFE /* AterrodoFlamengo.jpeg */; };
		F24151F71CB1F5E000631DFE /* BondinhodoAlemao.jpeg in Resources */ = {isa = PBXBuildFile; fileRef = F24151DE1CB1F5E000631DFE /* BondinhodoAlemao.jpeg */; };
		F24151F81CB1F5E000631DFE /* Candelaria.jpeg in Resources */ = {isa = PBXBuildFile; fileRef = F24151DF1CB1F5E000631DFE /* Candelaria.jpeg */; };
		F24151F91CB1F5E000631DFE /* CatedraldeSaoSebastiao.jpeg in Resources */ = {isa = PBXBuildFile; fileRef = F24151E01CB1F5E000631DFE /* CatedraldeSaoSebastiao.jpeg */; };
		F24151FA1CB1F5E000631DFE /* CCBB.jpeg in Resources */ = {isa = PBXBuildFile; fileRef = F24151E11CB1F5E000631DFE /* CCBB.jpeg */; };
		F24151FB1CB1F5E000631DFE /* CorcovadoeCristoRedentor.jpeg in Resources */ = {isa = PBXBuildFile; fileRef = F24151E21CB1F5E000631DFE /* CorcovadoeCristoRedentor.jpeg */; };
		F24151FC1CB1F5E000631DFE /* EscadasdeSelaron.jpeg in Resources */ = {isa = PBXBuildFile; fileRef = F24151E31CB1F5E000631DFE /* EscadasdeSelaron.jpeg */; };
		F24151FD1CB1F5E000631DFE /* FlorestadaTijuca.jpeg in Resources */ = {isa = PBXBuildFile; fileRef = F24151E41CB1F5E000631DFE /* FlorestadaTijuca.jpeg */; };
		F24151FE1CB1F5E000631DFE /* JardimBotanico.jpeg in Resources */ = {isa = PBXBuildFile; fileRef = F24151E51CB1F5E000631DFE /* JardimBotanico.jpeg */; };
		F24151FF1CB1F5E000631DFE /* Maracana.jpg in Resources */ = {isa = PBXBuildFile; fileRef = F24151E61CB1F5E000631DFE /* Maracana.jpg */; };
		F24152001CB1F5E000631DFE /* MiranteDonaMarta.jpg in Resources */ = {isa = PBXBuildFile; fileRef = F24151E71CB1F5E000631DFE /* MiranteDonaMarta.jpg */; };
		F24152011CB1F5E000631DFE /* MorroDoisIrmaosVidigal.jpeg in Resources */ = {isa = PBXBuildFile; fileRef = F24151E81CB1F5E000631DFE /* MorroDoisIrmaosVidigal.jpeg */; };
		F24152021CB1F5E000631DFE /* MuseudoAmanhã.jpg in Resources */ = {isa = PBXBuildFile; fileRef = F24151E91CB1F5E000631DFE /* MuseudoAmanhã.jpg */; };
		F24152031CB1F5E000631DFE /* PaodeAcucar.jpg in Resources */ = {isa = PBXBuildFile; fileRef = F24151EA1CB1F5E000631DFE /* PaodeAcucar.jpg */; };
		F24152041CB1F5E000631DFE /* ParqueLage.png in Resources */ = {isa = PBXBuildFile; fileRef = F24151EB1CB1F5E000631DFE /* ParqueLage.png */; };
		F24152051CB1F5E000631DFE /* PasseioPublico.jpg in Resources */ = {isa = PBXBuildFile; fileRef = F24151EC1CB1F5E000631DFE /* PasseioPublico.jpg */; };
		F24152061CB1F5E000631DFE /* PraiadeCopacabana.jpg in Resources */ = {isa = PBXBuildFile; fileRef = F24151ED1CB1F5E000631DFE /* PraiadeCopacabana.jpg */; };
		F24152071CB1F5E000631DFE /* PraiadeIpanema.jpg in Resources */ = {isa = PBXBuildFile; fileRef = F24151EE1CB1F5E000631DFE /* PraiadeIpanema.jpg */; };
		F24152081CB1F5E000631DFE /* PraiadoLeblon.jpg in Resources */ = {isa = PBXBuildFile; fileRef = F24151EF1CB1F5E000631DFE /* PraiadoLeblon.jpg */; };
		F24152091CB1F5E000631DFE /* Rocinha.jpg in Resources */ = {isa = PBXBuildFile; fileRef = F24151F01CB1F5E000631DFE /* Rocinha.jpg */; };
		F241520A1CB1F5E000631DFE /* Sambodromo.bmp in Resources */ = {isa = PBXBuildFile; fileRef = F24151F11CB1F5E000631DFE /* Sambodromo.bmp */; };
		F241520B1CB1F5E000631DFE /* SantaTeresa.jpg in Resources */ = {isa = PBXBuildFile; fileRef = F24151F21CB1F5E000631DFE /* SantaTeresa.jpg */; };
		F241520C1CB1F5E000631DFE /* TeatroMunicipal.jpg in Resources */ = {isa = PBXBuildFile; fileRef = F24151F31CB1F5E000631DFE /* TeatroMunicipal.jpg */; };
		F241520D1CB1F5E000631DFE /* VistaChinesa.jpg in Resources */ = {isa = PBXBuildFile; fileRef = F24151F41CB1F5E000631DFE /* VistaChinesa.jpg */; };
		F241520F1CB1FF5F00631DFE /* Telescope-96.png in Resources */ = {isa = PBXBuildFile; fileRef = F241520E1CB1FF5F00631DFE /* Telescope-96.png */; };
		F24152131CB20E4B00631DFE /* Proceeds.plist in Resources */ = {isa = PBXBuildFile; fileRef = F24152121CB20E4B00631DFE /* Proceeds.plist */; };
		F24152151CB2108800631DFE /* Expressions.plist in Resources */ = {isa = PBXBuildFile; fileRef = F24152141CB2108800631DFE /* Expressions.plist */; };
		F241521B1CB231DD00631DFE /* audio1Portugues.wav in Resources */ = {isa = PBXBuildFile; fileRef = F24152161CB231DD00631DFE /* audio1Portugues.wav */; };
		F241521C1CB231DD00631DFE /* audio2Perdido.wav in Resources */ = {isa = PBXBuildFile; fileRef = F24152171CB231DD00631DFE /* audio2Perdido.wav */; };
		F241521D1CB231DD00631DFE /* audio3Roubado.wav in Resources */ = {isa = PBXBuildFile; fileRef = F24152181CB231DD00631DFE /* audio3Roubado.wav */; };
		F241521E1CB231DD00631DFE /* audio4Delegacia.wav in Resources */ = {isa = PBXBuildFile; fileRef = F24152191CB231DD00631DFE /* audio4Delegacia.wav */; };
		F241521F1CB231DD00631DFE /* audio5Taxi.wav in Resources */ = {isa = PBXBuildFile; fileRef = F241521A1CB231DD00631DFE /* audio5Taxi.wav */; };
/* End PBXBuildFile section */

/* Begin PBXContainerItemProxy section */
		1725D1D11CADF10600827077 /* PBXContainerItemProxy */ = {
			isa = PBXContainerItemProxy;
			containerPortal = 1725D1B41CADF10600827077 /* Project object */;
			proxyType = 1;
			remoteGlobalIDString = 1725D1BB1CADF10600827077;
			remoteInfo = TravelToRio;
		};
		1725D1DC1CADF10700827077 /* PBXContainerItemProxy */ = {
			isa = PBXContainerItemProxy;
			containerPortal = 1725D1B41CADF10600827077 /* Project object */;
			proxyType = 1;
			remoteGlobalIDString = 1725D1BB1CADF10600827077;
			remoteInfo = TravelToRio;
		};
/* End PBXContainerItemProxy section */

/* Begin PBXFileReference section */
		0DBE16591CB5CA0100ADCD23 /* AVFoundation.framework */ = {isa = PBXFileReference; lastKnownFileType = wrapper.framework; name = AVFoundation.framework; path = System/Library/Frameworks/AVFoundation.framework; sourceTree = SDKROOT; };
		1725D1BC1CADF10600827077 /* TravelToRio.app */ = {isa = PBXFileReference; explicitFileType = wrapper.application; includeInIndex = 0; path = TravelToRio.app; sourceTree = BUILT_PRODUCTS_DIR; };
		1725D1BF1CADF10600827077 /* AppDelegate.swift */ = {isa = PBXFileReference; lastKnownFileType = sourcecode.swift; path = AppDelegate.swift; sourceTree = "<group>"; };
		1725D1C11CADF10600827077 /* ViewController.swift */ = {isa = PBXFileReference; lastKnownFileType = sourcecode.swift; path = ViewController.swift; sourceTree = "<group>"; };
		1725D1C41CADF10600827077 /* Base */ = {isa = PBXFileReference; lastKnownFileType = file.storyboard; name = Base; path = Base.lproj/Main.storyboard; sourceTree = "<group>"; };
		1725D1C61CADF10600827077 /* Assets.xcassets */ = {isa = PBXFileReference; lastKnownFileType = folder.assetcatalog; path = Assets.xcassets; sourceTree = "<group>"; };
		1725D1C91CADF10600827077 /* Base */ = {isa = PBXFileReference; lastKnownFileType = file.storyboard; name = Base; path = Base.lproj/LaunchScreen.storyboard; sourceTree = "<group>"; };
		1725D1CB1CADF10600827077 /* Info.plist */ = {isa = PBXFileReference; lastKnownFileType = text.plist.xml; path = Info.plist; sourceTree = "<group>"; };
		1725D1D01CADF10600827077 /* TravelToRioTests.xctest */ = {isa = PBXFileReference; explicitFileType = wrapper.cfbundle; includeInIndex = 0; path = TravelToRioTests.xctest; sourceTree = BUILT_PRODUCTS_DIR; };
		1725D1D41CADF10600827077 /* TravelToRioTests.swift */ = {isa = PBXFileReference; lastKnownFileType = sourcecode.swift; path = TravelToRioTests.swift; sourceTree = "<group>"; };
		1725D1D61CADF10700827077 /* Info.plist */ = {isa = PBXFileReference; lastKnownFileType = text.plist.xml; path = Info.plist; sourceTree = "<group>"; };
		1725D1DB1CADF10700827077 /* TravelToRioUITests.xctest */ = {isa = PBXFileReference; explicitFileType = wrapper.cfbundle; includeInIndex = 0; path = TravelToRioUITests.xctest; sourceTree = BUILT_PRODUCTS_DIR; };
		1725D1DF1CADF10700827077 /* TravelToRioUITests.swift */ = {isa = PBXFileReference; lastKnownFileType = sourcecode.swift; path = TravelToRioUITests.swift; sourceTree = "<group>"; };
		1725D1E11CADF10700827077 /* Info.plist */ = {isa = PBXFileReference; lastKnownFileType = text.plist.xml; path = Info.plist; sourceTree = "<group>"; };
		1736931A1CB0434B0084F231 /* MapKit.framework */ = {isa = PBXFileReference; lastKnownFileType = wrapper.framework; name = MapKit.framework; path = System/Library/Frameworks/MapKit.framework; sourceTree = SDKROOT; };
		1736931C1CB043580084F231 /* CoreLocation.framework */ = {isa = PBXFileReference; lastKnownFileType = wrapper.framework; name = CoreLocation.framework; path = System/Library/Frameworks/CoreLocation.framework; sourceTree = SDKROOT; };
		1736931E1CB0587D0084F231 /* MapViewController.swift */ = {isa = PBXFileReference; fileEncoding = 4; lastKnownFileType = sourcecode.swift; path = MapViewController.swift; sourceTree = "<group>"; };
		173693201CB058920084F231 /* AboutPlaceViewController.swift */ = {isa = PBXFileReference; fileEncoding = 4; lastKnownFileType = sourcecode.swift; path = AboutPlaceViewController.swift; sourceTree = "<group>"; };
		17466EBC1CB30B63002BF7BC /* MenuTableViewController.swift */ = {isa = PBXFileReference; fileEncoding = 4; lastKnownFileType = sourcecode.swift; path = MenuTableViewController.swift; sourceTree = "<group>"; };
		178726BC1CAF37F500D9DD04 /* TypeTableViewController.swift */ = {isa = PBXFileReference; fileEncoding = 4; lastKnownFileType = sourcecode.swift; path = TypeTableViewController.swift; sourceTree = "<group>"; };
		178726BE1CAF388700D9DD04 /* TypeTableViewCell.swift */ = {isa = PBXFileReference; fileEncoding = 4; lastKnownFileType = sourcecode.swift; path = TypeTableViewCell.swift; sourceTree = "<group>"; };
		178726C01CAF399D00D9DD04 /* Places.plist */ = {isa = PBXFileReference; fileEncoding = 4; lastKnownFileType = text.plist.xml; path = Places.plist; sourceTree = "<group>"; };
		178726C21CAF4FDA00D9DD04 /* PlaceTableViewController.swift */ = {isa = PBXFileReference; fileEncoding = 4; lastKnownFileType = sourcecode.swift; path = PlaceTableViewController.swift; sourceTree = "<group>"; };
		178726C41CAF501400D9DD04 /* PlaceTableViewCell.swift */ = {isa = PBXFileReference; fileEncoding = 4; lastKnownFileType = sourcecode.swift; path = PlaceTableViewCell.swift; sourceTree = "<group>"; };
		17D20B261CB6CE8B009B04C7 /* 2016-03-23 14_50_27-Greenshot capture form.png */ = {isa = PBXFileReference; lastKnownFileType = image.png; name = "2016-03-23 14_50_27-Greenshot capture form.png"; path = "../../Imagens/2016-03-23 14_50_27-Greenshot capture form.png"; sourceTree = "<group>"; };
		17D20B2A1CB6E496009B04C7 /* SafetyTableViewController.swift */ = {isa = PBXFileReference; fileEncoding = 4; lastKnownFileType = sourcecode.swift; path = SafetyTableViewController.swift; sourceTree = "<group>"; };
		17D20B2C1CB6EA07009B04C7 /* GeneralSafetyViewController.swift */ = {isa = PBXFileReference; fileEncoding = 4; lastKnownFileType = sourcecode.swift; path = GeneralSafetyViewController.swift; sourceTree = "<group>"; };
		17D20B2E1CB6EA39009B04C7 /* BeachSafetyViewController.swift */ = {isa = PBXFileReference; fileEncoding = 4; lastKnownFileType = sourcecode.swift; path = BeachSafetyViewController.swift; sourceTree = "<group>"; };
		17D20B301CB6EA66009B04C7 /* BeAwareViewController.swift */ = {isa = PBXFileReference; fileEncoding = 4; lastKnownFileType = sourcecode.swift; path = BeAwareViewController.swift; sourceTree = "<group>"; };
		17D20B321CB6EAB2009B04C7 /* FinancialSafetyViewController.swift */ = {isa = PBXFileReference; fileEncoding = 4; lastKnownFileType = sourcecode.swift; path = FinancialSafetyViewController.swift; sourceTree = "<group>"; };
		17D20B361CB6FCA1009B04C7 /* ProceedsTableViewController.swift */ = {isa = PBXFileReference; fileEncoding = 4; lastKnownFileType = sourcecode.swift; path = ProceedsTableViewController.swift; sourceTree = "<group>"; };
		17D20B381CB6FDB8009B04C7 /* NumbersViewController.swift */ = {isa = PBXFileReference; fileEncoding = 4; lastKnownFileType = sourcecode.swift; path = NumbersViewController.swift; sourceTree = "<group>"; };
		17D20B3A1CB6FE13009B04C7 /* HealthViewController.swift */ = {isa = PBXFileReference; fileEncoding = 4; lastKnownFileType = sourcecode.swift; path = HealthViewController.swift; sourceTree = "<group>"; };
		17D20B3C1CB6FE78009B04C7 /* ProceedViewController.swift */ = {isa = PBXFileReference; fileEncoding = 4; lastKnownFileType = sourcecode.swift; path = ProceedViewController.swift; sourceTree = "<group>"; };
		17DFA8E61CBEF7BD005C8BBC /* Media.xcassets */ = {isa = PBXFileReference; lastKnownFileType = folder.assetcatalog; name = Media.xcassets; path = ../../Imagens/Media.xcassets; sourceTree = "<group>"; };
		17E932771CB48759007C7C78 /* ExpressionsTableViewController.swift */ = {isa = PBXFileReference; fileEncoding = 4; lastKnownFileType = sourcecode.swift; path = ExpressionsTableViewController.swift; sourceTree = "<group>"; };
		17FDD9AC1CAF1EE9005AAD15 /* Safety.plist */ = {isa = PBXFileReference; fileEncoding = 4; lastKnownFileType = text.plist.xml; name = Safety.plist; path = ../../Plist/Safety.plist; sourceTree = "<group>"; };
		17FDD9AF1CAF1FE1005AAD15 /* Menu.plist */ = {isa = PBXFileReference; fileEncoding = 4; lastKnownFileType = text.plist.xml; name = Menu.plist; path = ../../Plist/Menu.plist; sourceTree = "<group>"; };
		F24151951CB1F31F00631DFE /* Archeology-96.png */ = {isa = PBXFileReference; lastKnownFileType = image.png; name = "Archeology-96.png"; path = "../../Imagens/Icon/Archeology-96.png"; sourceTree = "<group>"; };
		F24151961CB1F31F00631DFE /* Arena-96.png */ = {isa = PBXFileReference; lastKnownFileType = image.png; name = "Arena-96.png"; path = "../../Imagens/Icon/Arena-96.png"; sourceTree = "<group>"; };
		F24151971CB1F31F00631DFE /* Basilica Filled-100.png */ = {isa = PBXFileReference; lastKnownFileType = image.png; name = "Basilica Filled-100.png"; path = "../../Imagens/Icon/Basilica Filled-100.png"; sourceTree = "<group>"; };
		F24151981CB1F31F00631DFE /* Blackberry-96.png */ = {isa = PBXFileReference; lastKnownFileType = image.png; name = "Blackberry-96.png"; path = "../../Imagens/Icon/Blackberry-96.png"; sourceTree = "<group>"; };
		F24151991CB1F31F00631DFE /* Businesswoman-80.png */ = {isa = PBXFileReference; lastKnownFileType = image.png; name = "Businesswoman-80.png"; path = "../../Imagens/Icon/Businesswoman-80.png"; sourceTree = "<group>"; };
		F241519A1CB1F31F00631DFE /* Bust-96.png */ = {isa = PBXFileReference; lastKnownFileType = image.png; name = "Bust-96.png"; path = "../../Imagens/Icon/Bust-96.png"; sourceTree = "<group>"; };
		F241519B1CB1F31F00631DFE /* Collaboration-80.png */ = {isa = PBXFileReference; lastKnownFileType = image.png; name = "Collaboration-80.png"; path = "../../Imagens/Icon/Collaboration-80.png"; sourceTree = "<group>"; };
		F241519C1CB1F31F00631DFE /* Creek-96.png */ = {isa = PBXFileReference; lastKnownFileType = image.png; name = "Creek-96.png"; path = "../../Imagens/Icon/Creek-96.png"; sourceTree = "<group>"; };
		F241519D1CB1F31F00631DFE /* Embassy-96.png */ = {isa = PBXFileReference; lastKnownFileType = image.png; name = "Embassy-96.png"; path = "../../Imagens/Icon/Embassy-96.png"; sourceTree = "<group>"; };
		F241519E1CB1F31F00631DFE /* Flip Flops-96.png */ = {isa = PBXFileReference; lastKnownFileType = image.png; name = "Flip Flops-96.png"; path = "../../Imagens/Icon/Flip Flops-96.png"; sourceTree = "<group>"; };
		F24151A01CB1F31F00631DFE /* Forest-96.png */ = {isa = PBXFileReference; lastKnownFileType = image.png; name = "Forest-96.png"; path = "../../Imagens/Icon/Forest-96.png"; sourceTree = "<group>"; };
		F24151A11CB1F31F00631DFE /* Gas Mask-96.png */ = {isa = PBXFileReference; lastKnownFileType = image.png; name = "Gas Mask-96.png"; path = "../../Imagens/Icon/Gas Mask-96.png"; sourceTree = "<group>"; };
		F24151A21CB1F31F00631DFE /* GitHub-96.png */ = {isa = PBXFileReference; lastKnownFileType = image.png; name = "GitHub-96.png"; path = "../../Imagens/Icon/GitHub-96.png"; sourceTree = "<group>"; };
		F24151A31CB1F31F00631DFE /* Leo-96.png */ = {isa = PBXFileReference; lastKnownFileType = image.png; name = "Leo-96.png"; path = "../../Imagens/Icon/Leo-96.png"; sourceTree = "<group>"; };
		F24151A41CB1F31F00631DFE /* Lighthouse-96.png */ = {isa = PBXFileReference; lastKnownFileType = image.png; name = "Lighthouse-96.png"; path = "../../Imagens/Icon/Lighthouse-96.png"; sourceTree = "<group>"; };
		F24151A51CB1F31F00631DFE /* Lion Statue-96.png */ = {isa = PBXFileReference; lastKnownFileType = image.png; name = "Lion Statue-96.png"; path = "../../Imagens/Icon/Lion Statue-96.png"; sourceTree = "<group>"; };
		F24151A61CB1F31F00631DFE /* Mailbox With Letter-96.png */ = {isa = PBXFileReference; lastKnownFileType = image.png; name = "Mailbox With Letter-96.png"; path = "../../Imagens/Icon/Mailbox With Letter-96.png"; sourceTree = "<group>"; };
		F24151A71CB1F31F00631DFE /* Manual-96.png */ = {isa = PBXFileReference; lastKnownFileType = image.png; name = "Manual-96.png"; path = "../../Imagens/Icon/Manual-96.png"; sourceTree = "<group>"; };
		F24151AC1CB1F31F00631DFE /* Nurse-80.png */ = {isa = PBXFileReference; lastKnownFileType = image.png; name = "Nurse-80.png"; path = "../../Imagens/Icon/Nurse-80.png"; sourceTree = "<group>"; };
		F24151AD1CB1F31F00631DFE /* Police Badge-96.png */ = {isa = PBXFileReference; lastKnownFileType = image.png; name = "Police Badge-96.png"; path = "../../Imagens/Icon/Police Badge-96.png"; sourceTree = "<group>"; };
		F24151AE1CB1F31F00631DFE /* Police Station-96.png */ = {isa = PBXFileReference; lastKnownFileType = image.png; name = "Police Station-96.png"; path = "../../Imagens/Icon/Police Station-96.png"; sourceTree = "<group>"; };
		F24151AF1CB1F31F00631DFE /* Region Code-96.png */ = {isa = PBXFileReference; lastKnownFileType = image.png; name = "Region Code-96.png"; path = "../../Imagens/Icon/Region Code-96.png"; sourceTree = "<group>"; };
		F24151B01CB1F31F00631DFE /* Sheriff-96.png */ = {isa = PBXFileReference; lastKnownFileType = image.png; name = "Sheriff-96.png"; path = "../../Imagens/Icon/Sheriff-96.png"; sourceTree = "<group>"; };
		F24151B11CB1F31F00631DFE /* Skyscrapers-96.png */ = {isa = PBXFileReference; lastKnownFileType = image.png; name = "Skyscrapers-96.png"; path = "../../Imagens/Icon/Skyscrapers-96.png"; sourceTree = "<group>"; };
		F24151B21CB1F31F00631DFE /* Star-96.png */ = {isa = PBXFileReference; lastKnownFileType = image.png; name = "Star-96.png"; path = "../../Imagens/Icon/Star-96.png"; sourceTree = "<group>"; };
		F24151B41CB1F31F00631DFE /* Waypoint Map-96.png */ = {isa = PBXFileReference; lastKnownFileType = image.png; name = "Waypoint Map-96.png"; path = "../../Imagens/Icon/Waypoint Map-96.png"; sourceTree = "<group>"; };
		F24151B61CB1F31F00631DFE /* World Map-96.png */ = {isa = PBXFileReference; lastKnownFileType = image.png; name = "World Map-96.png"; path = "../../Imagens/Icon/World Map-96.png"; sourceTree = "<group>"; };
		F24151DC1CB1F5E000631DFE /* Arpoador.jpeg */ = {isa = PBXFileReference; lastKnownFileType = image.jpeg; name = Arpoador.jpeg; path = "../../Imagens/Fotos Pontos turisticos trab/Arpoador.jpeg"; sourceTree = "<group>"; };
		F24151DD1CB1F5E000631DFE /* AterrodoFlamengo.jpeg */ = {isa = PBXFileReference; lastKnownFileType = image.jpeg; name = AterrodoFlamengo.jpeg; path = "../../Imagens/Fotos Pontos turisticos trab/AterrodoFlamengo.jpeg"; sourceTree = "<group>"; };
		F24151DE1CB1F5E000631DFE /* BondinhodoAlemao.jpeg */ = {isa = PBXFileReference; lastKnownFileType = image.jpeg; name = BondinhodoAlemao.jpeg; path = "../../Imagens/Fotos Pontos turisticos trab/BondinhodoAlemao.jpeg"; sourceTree = "<group>"; };
		F24151DF1CB1F5E000631DFE /* Candelaria.jpeg */ = {isa = PBXFileReference; lastKnownFileType = image.jpeg; name = Candelaria.jpeg; path = "../../Imagens/Fotos Pontos turisticos trab/Candelaria.jpeg"; sourceTree = "<group>"; };
		F24151E01CB1F5E000631DFE /* CatedraldeSaoSebastiao.jpeg */ = {isa = PBXFileReference; lastKnownFileType = image.jpeg; name = CatedraldeSaoSebastiao.jpeg; path = "../../Imagens/Fotos Pontos turisticos trab/CatedraldeSaoSebastiao.jpeg"; sourceTree = "<group>"; };
		F24151E11CB1F5E000631DFE /* CCBB.jpeg */ = {isa = PBXFileReference; lastKnownFileType = image.jpeg; name = CCBB.jpeg; path = "../../Imagens/Fotos Pontos turisticos trab/CCBB.jpeg"; sourceTree = "<group>"; };
		F24151E21CB1F5E000631DFE /* CorcovadoeCristoRedentor.jpeg */ = {isa = PBXFileReference; lastKnownFileType = image.jpeg; name = CorcovadoeCristoRedentor.jpeg; path = "../../Imagens/Fotos Pontos turisticos trab/CorcovadoeCristoRedentor.jpeg"; sourceTree = "<group>"; };
		F24151E31CB1F5E000631DFE /* EscadasdeSelaron.jpeg */ = {isa = PBXFileReference; lastKnownFileType = image.jpeg; name = EscadasdeSelaron.jpeg; path = "../../Imagens/Fotos Pontos turisticos trab/EscadasdeSelaron.jpeg"; sourceTree = "<group>"; };
		F24151E41CB1F5E000631DFE /* FlorestadaTijuca.jpeg */ = {isa = PBXFileReference; lastKnownFileType = image.jpeg; name = FlorestadaTijuca.jpeg; path = "../../Imagens/Fotos Pontos turisticos trab/FlorestadaTijuca.jpeg"; sourceTree = "<group>"; };
		F24151E51CB1F5E000631DFE /* JardimBotanico.jpeg */ = {isa = PBXFileReference; lastKnownFileType = image.jpeg; name = JardimBotanico.jpeg; path = "../../Imagens/Fotos Pontos turisticos trab/JardimBotanico.jpeg"; sourceTree = "<group>"; };
		F24151E61CB1F5E000631DFE /* Maracana.jpg */ = {isa = PBXFileReference; lastKnownFileType = image.jpeg; name = Maracana.jpg; path = "../../Imagens/Fotos Pontos turisticos trab/Maracana.jpg"; sourceTree = "<group>"; };
		F24151E71CB1F5E000631DFE /* MiranteDonaMarta.jpg */ = {isa = PBXFileReference; lastKnownFileType = image.jpeg; name = MiranteDonaMarta.jpg; path = "../../Imagens/Fotos Pontos turisticos trab/MiranteDonaMarta.jpg"; sourceTree = "<group>"; };
		F24151E81CB1F5E000631DFE /* MorroDoisIrmaosVidigal.jpeg */ = {isa = PBXFileReference; lastKnownFileType = image.jpeg; name = MorroDoisIrmaosVidigal.jpeg; path = "../../Imagens/Fotos Pontos turisticos trab/MorroDoisIrmaosVidigal.jpeg"; sourceTree = "<group>"; };
		F24151E91CB1F5E000631DFE /* MuseudoAmanhã.jpg */ = {isa = PBXFileReference; lastKnownFileType = image.jpeg; name = "MuseudoAmanhã.jpg"; path = "../../Imagens/Fotos Pontos turisticos trab/MuseudoAmanhã.jpg"; sourceTree = "<group>"; };
		F24151EA1CB1F5E000631DFE /* PaodeAcucar.jpg */ = {isa = PBXFileReference; lastKnownFileType = image.jpeg; name = PaodeAcucar.jpg; path = "../../Imagens/Fotos Pontos turisticos trab/PaodeAcucar.jpg"; sourceTree = "<group>"; };
		F24151EB1CB1F5E000631DFE /* ParqueLage.png */ = {isa = PBXFileReference; lastKnownFileType = image.png; name = ParqueLage.png; path = "../../Imagens/Fotos Pontos turisticos trab/ParqueLage.png"; sourceTree = "<group>"; };
		F24151EC1CB1F5E000631DFE /* PasseioPublico.jpg */ = {isa = PBXFileReference; lastKnownFileType = image.jpeg; name = PasseioPublico.jpg; path = "../../Imagens/Fotos Pontos turisticos trab/PasseioPublico.jpg"; sourceTree = "<group>"; };
		F24151ED1CB1F5E000631DFE /* PraiadeCopacabana.jpg */ = {isa = PBXFileReference; lastKnownFileType = image.jpeg; name = PraiadeCopacabana.jpg; path = "../../Imagens/Fotos Pontos turisticos trab/PraiadeCopacabana.jpg"; sourceTree = "<group>"; };
		F24151EE1CB1F5E000631DFE /* PraiadeIpanema.jpg */ = {isa = PBXFileReference; lastKnownFileType = image.jpeg; name = PraiadeIpanema.jpg; path = "../../Imagens/Fotos Pontos turisticos trab/PraiadeIpanema.jpg"; sourceTree = "<group>"; };
		F24151EF1CB1F5E000631DFE /* PraiadoLeblon.jpg */ = {isa = PBXFileReference; lastKnownFileType = image.jpeg; name = PraiadoLeblon.jpg; path = "../../Imagens/Fotos Pontos turisticos trab/PraiadoLeblon.jpg"; sourceTree = "<group>"; };
		F24151F01CB1F5E000631DFE /* Rocinha.jpg */ = {isa = PBXFileReference; lastKnownFileType = image.jpeg; name = Rocinha.jpg; path = "../../Imagens/Fotos Pontos turisticos trab/Rocinha.jpg"; sourceTree = "<group>"; };
		F24151F11CB1F5E000631DFE /* Sambodromo.bmp */ = {isa = PBXFileReference; lastKnownFileType = image.bmp; name = Sambodromo.bmp; path = "../../Imagens/Fotos Pontos turisticos trab/Sambodromo.bmp"; sourceTree = "<group>"; };
		F24151F21CB1F5E000631DFE /* SantaTeresa.jpg */ = {isa = PBXFileReference; lastKnownFileType = image.jpeg; name = SantaTeresa.jpg; path = "../../Imagens/Fotos Pontos turisticos trab/SantaTeresa.jpg"; sourceTree = "<group>"; };
		F24151F31CB1F5E000631DFE /* TeatroMunicipal.jpg */ = {isa = PBXFileReference; lastKnownFileType = image.jpeg; name = TeatroMunicipal.jpg; path = "../../Imagens/Fotos Pontos turisticos trab/TeatroMunicipal.jpg"; sourceTree = "<group>"; };
		F24151F41CB1F5E000631DFE /* VistaChinesa.jpg */ = {isa = PBXFileReference; lastKnownFileType = image.jpeg; name = VistaChinesa.jpg; path = "../../Imagens/Fotos Pontos turisticos trab/VistaChinesa.jpg"; sourceTree = "<group>"; };
		F241520E1CB1FF5F00631DFE /* Telescope-96.png */ = {isa = PBXFileReference; lastKnownFileType = image.png; name = "Telescope-96.png"; path = "../../Imagens/Icon/Telescope-96.png"; sourceTree = "<group>"; };
		F24152121CB20E4B00631DFE /* Proceeds.plist */ = {isa = PBXFileReference; fileEncoding = 4; lastKnownFileType = text.plist.xml; path = Proceeds.plist; sourceTree = "<group>"; };
		F24152141CB2108800631DFE /* Expressions.plist */ = {isa = PBXFileReference; fileEncoding = 4; lastKnownFileType = text.plist.xml; path = Expressions.plist; sourceTree = "<group>"; };
		F24152161CB231DD00631DFE /* audio1Portugues.wav */ = {isa = PBXFileReference; lastKnownFileType = audio.wav; name = audio1Portugues.wav; path = ../../Audio/audio1Portugues.wav; sourceTree = "<group>"; };
		F24152171CB231DD00631DFE /* audio2Perdido.wav */ = {isa = PBXFileReference; lastKnownFileType = audio.wav; name = audio2Perdido.wav; path = ../../Audio/audio2Perdido.wav; sourceTree = "<group>"; };
		F24152181CB231DD00631DFE /* audio3Roubado.wav */ = {isa = PBXFileReference; lastKnownFileType = audio.wav; name = audio3Roubado.wav; path = ../../Audio/audio3Roubado.wav; sourceTree = "<group>"; };
		F24152191CB231DD00631DFE /* audio4Delegacia.wav */ = {isa = PBXFileReference; lastKnownFileType = audio.wav; name = audio4Delegacia.wav; path = ../../Audio/audio4Delegacia.wav; sourceTree = "<group>"; };
		F241521A1CB231DD00631DFE /* audio5Taxi.wav */ = {isa = PBXFileReference; lastKnownFileType = audio.wav; name = audio5Taxi.wav; path = ../../Audio/audio5Taxi.wav; sourceTree = "<group>"; };
/* End PBXFileReference section */

/* Begin PBXFrameworksBuildPhase section */
		1725D1B91CADF10600827077 /* Frameworks */ = {
			isa = PBXFrameworksBuildPhase;
			buildActionMask = 2147483647;
			files = (
				0DBE165A1CB5CA0100ADCD23 /* AVFoundation.framework in Frameworks */,
				1736931D1CB043580084F231 /* CoreLocation.framework in Frameworks */,
				1736931B1CB0434B0084F231 /* MapKit.framework in Frameworks */,
			);
			runOnlyForDeploymentPostprocessing = 0;
		};
		1725D1CD1CADF10600827077 /* Frameworks */ = {
			isa = PBXFrameworksBuildPhase;
			buildActionMask = 2147483647;
			files = (
			);
			runOnlyForDeploymentPostprocessing = 0;
		};
		1725D1D81CADF10700827077 /* Frameworks */ = {
			isa = PBXFrameworksBuildPhase;
			buildActionMask = 2147483647;
			files = (
			);
			runOnlyForDeploymentPostprocessing = 0;
		};
/* End PBXFrameworksBuildPhase section */

/* Begin PBXGroup section */
		1725D1B31CADF10600827077 = {
			isa = PBXGroup;
			children = (
				0DBE16591CB5CA0100ADCD23 /* AVFoundation.framework */,
				1736931C1CB043580084F231 /* CoreLocation.framework */,
				1736931A1CB0434B0084F231 /* MapKit.framework */,
				1725D1BE1CADF10600827077 /* TravelToRio */,
				1725D1D31CADF10600827077 /* TravelToRioTests */,
				1725D1DE1CADF10700827077 /* TravelToRioUITests */,
				1725D1BD1CADF10600827077 /* Products */,
			);
			sourceTree = "<group>";
		};
		1725D1BD1CADF10600827077 /* Products */ = {
			isa = PBXGroup;
			children = (
				1725D1BC1CADF10600827077 /* TravelToRio.app */,
				1725D1D01CADF10600827077 /* TravelToRioTests.xctest */,
				1725D1DB1CADF10700827077 /* TravelToRioUITests.xctest */,
			);
			name = Products;
			sourceTree = "<group>";
		};
		1725D1BE1CADF10600827077 /* TravelToRio */ = {
			isa = PBXGroup;
			children = (
				1725D1EF1CADF13800827077 /* Audio */,
				1725D1EE1CADF12C00827077 /* Image */,
				1725D1ED1CADF12500827077 /* Plist */,
				1725D1BF1CADF10600827077 /* AppDelegate.swift */,
				1725D1C11CADF10600827077 /* ViewController.swift */,
				17466EBC1CB30B63002BF7BC /* MenuTableViewController.swift */,
				178726BE1CAF388700D9DD04 /* TypeTableViewCell.swift */,
				178726BC1CAF37F500D9DD04 /* TypeTableViewController.swift */,
				178726C41CAF501400D9DD04 /* PlaceTableViewCell.swift */,
				178726C21CAF4FDA00D9DD04 /* PlaceTableViewController.swift */,
				173693201CB058920084F231 /* AboutPlaceViewController.swift */,
				1736931E1CB0587D0084F231 /* MapViewController.swift */,
				17E932771CB48759007C7C78 /* ExpressionsTableViewController.swift */,
				17D20B2A1CB6E496009B04C7 /* SafetyTableViewController.swift */,
				17D20B2C1CB6EA07009B04C7 /* GeneralSafetyViewController.swift */,
				17D20B2E1CB6EA39009B04C7 /* BeachSafetyViewController.swift */,
				17D20B301CB6EA66009B04C7 /* BeAwareViewController.swift */,
				17D20B321CB6EAB2009B04C7 /* FinancialSafetyViewController.swift */,
				17D20B361CB6FCA1009B04C7 /* ProceedsTableViewController.swift */,
				17D20B3C1CB6FE78009B04C7 /* ProceedViewController.swift */,
				17D20B3A1CB6FE13009B04C7 /* HealthViewController.swift */,
				17D20B381CB6FDB8009B04C7 /* NumbersViewController.swift */,
				1725D1C31CADF10600827077 /* Main.storyboard */,
				1725D1C61CADF10600827077 /* Assets.xcassets */,
				17DFA8E61CBEF7BD005C8BBC /* Media.xcassets */,
				1725D1C81CADF10600827077 /* LaunchScreen.storyboard */,
				1725D1CB1CADF10600827077 /* Info.plist */,
			);
			path = TravelToRio;
			sourceTree = "<group>";
		};
		1725D1D31CADF10600827077 /* TravelToRioTests */ = {
			isa = PBXGroup;
			children = (
				1725D1D41CADF10600827077 /* TravelToRioTests.swift */,
				1725D1D61CADF10700827077 /* Info.plist */,
			);
			path = TravelToRioTests;
			sourceTree = "<group>";
		};
		1725D1DE1CADF10700827077 /* TravelToRioUITests */ = {
			isa = PBXGroup;
			children = (
				1725D1DF1CADF10700827077 /* TravelToRioUITests.swift */,
				1725D1E11CADF10700827077 /* Info.plist */,
			);
			path = TravelToRioUITests;
			sourceTree = "<group>";
		};
		1725D1ED1CADF12500827077 /* Plist */ = {
			isa = PBXGroup;
			children = (
				17FDD9AF1CAF1FE1005AAD15 /* Menu.plist */,
				178726C01CAF399D00D9DD04 /* Places.plist */,
				17FDD9AC1CAF1EE9005AAD15 /* Safety.plist */,
				F24152121CB20E4B00631DFE /* Proceeds.plist */,
				F24152141CB2108800631DFE /* Expressions.plist */,
			);
			name = Plist;
			sourceTree = "<group>";
		};
		1725D1EE1CADF12C00827077 /* Image */ = {
			isa = PBXGroup;
			children = (
				17D20B261CB6CE8B009B04C7 /* 2016-03-23 14_50_27-Greenshot capture form.png */,
				F24151DB1CB1F5B900631DFE /* PlacesPhotos */,
				F24151941CB1F2FB00631DFE /* Icon */,
			);
			name = Image;
			sourceTree = "<group>";
		};
		1725D1EF1CADF13800827077 /* Audio */ = {
			isa = PBXGroup;
			children = (
				F24152161CB231DD00631DFE /* audio1Portugues.wav */,
				F24152171CB231DD00631DFE /* audio2Perdido.wav */,
				F24152181CB231DD00631DFE /* audio3Roubado.wav */,
				F24152191CB231DD00631DFE /* audio4Delegacia.wav */,
				F241521A1CB231DD00631DFE /* audio5Taxi.wav */,
			);
			name = Audio;
			sourceTree = "<group>";
		};
		F24151941CB1F2FB00631DFE /* Icon */ = {
			isa = PBXGroup;
			children = (
				F241520E1CB1FF5F00631DFE /* Telescope-96.png */,
				F24151951CB1F31F00631DFE /* Archeology-96.png */,
				F24151961CB1F31F00631DFE /* Arena-96.png */,
				F24151971CB1F31F00631DFE /* Basilica Filled-100.png */,
				F24151981CB1F31F00631DFE /* Blackberry-96.png */,
				F24151991CB1F31F00631DFE /* Businesswoman-80.png */,
				F241519A1CB1F31F00631DFE /* Bust-96.png */,
				F241519B1CB1F31F00631DFE /* Collaboration-80.png */,
				F241519C1CB1F31F00631DFE /* Creek-96.png */,
				F241519D1CB1F31F00631DFE /* Embassy-96.png */,
				F241519E1CB1F31F00631DFE /* Flip Flops-96.png */,
				F24151A01CB1F31F00631DFE /* Forest-96.png */,
				F24151A11CB1F31F00631DFE /* Gas Mask-96.png */,
				F24151A21CB1F31F00631DFE /* GitHub-96.png */,
				F24151A31CB1F31F00631DFE /* Leo-96.png */,
				F24151A41CB1F31F00631DFE /* Lighthouse-96.png */,
				F24151A51CB1F31F00631DFE /* Lion Statue-96.png */,
				F24151A61CB1F31F00631DFE /* Mailbox With Letter-96.png */,
				F24151A71CB1F31F00631DFE /* Manual-96.png */,
				F24151AC1CB1F31F00631DFE /* Nurse-80.png */,
				F24151AD1CB1F31F00631DFE /* Police Badge-96.png */,
				F24151AE1CB1F31F00631DFE /* Police Station-96.png */,
				F24151AF1CB1F31F00631DFE /* Region Code-96.png */,
				F24151B01CB1F31F00631DFE /* Sheriff-96.png */,
				F24151B11CB1F31F00631DFE /* Skyscrapers-96.png */,
				F24151B21CB1F31F00631DFE /* Star-96.png */,
				F24151B41CB1F31F00631DFE /* Waypoint Map-96.png */,
				F24151B61CB1F31F00631DFE /* World Map-96.png */,
			);
			name = Icon;
			sourceTree = "<group>";
		};
		F24151DB1CB1F5B900631DFE /* PlacesPhotos */ = {
			isa = PBXGroup;
			children = (
				F24151DC1CB1F5E000631DFE /* Arpoador.jpeg */,
				F24151DD1CB1F5E000631DFE /* AterrodoFlamengo.jpeg */,
				F24151DE1CB1F5E000631DFE /* BondinhodoAlemao.jpeg */,
				F24151DF1CB1F5E000631DFE /* Candelaria.jpeg */,
				F24151E01CB1F5E000631DFE /* CatedraldeSaoSebastiao.jpeg */,
				F24151E11CB1F5E000631DFE /* CCBB.jpeg */,
				F24151E21CB1F5E000631DFE /* CorcovadoeCristoRedentor.jpeg */,
				F24151E31CB1F5E000631DFE /* EscadasdeSelaron.jpeg */,
				F24151E41CB1F5E000631DFE /* FlorestadaTijuca.jpeg */,
				F24151E51CB1F5E000631DFE /* JardimBotanico.jpeg */,
				F24151E61CB1F5E000631DFE /* Maracana.jpg */,
				F24151E71CB1F5E000631DFE /* MiranteDonaMarta.jpg */,
				F24151E81CB1F5E000631DFE /* MorroDoisIrmaosVidigal.jpeg */,
				F24151E91CB1F5E000631DFE /* MuseudoAmanhã.jpg */,
				F24151EA1CB1F5E000631DFE /* PaodeAcucar.jpg */,
				F24151EB1CB1F5E000631DFE /* ParqueLage.png */,
				F24151EC1CB1F5E000631DFE /* PasseioPublico.jpg */,
				F24151ED1CB1F5E000631DFE /* PraiadeCopacabana.jpg */,
				F24151EE1CB1F5E000631DFE /* PraiadeIpanema.jpg */,
				F24151EF1CB1F5E000631DFE /* PraiadoLeblon.jpg */,
				F24151F01CB1F5E000631DFE /* Rocinha.jpg */,
				F24151F11CB1F5E000631DFE /* Sambodromo.bmp */,
				F24151F21CB1F5E000631DFE /* SantaTeresa.jpg */,
				F24151F31CB1F5E000631DFE /* TeatroMunicipal.jpg */,
				F24151F41CB1F5E000631DFE /* VistaChinesa.jpg */,
			);
			name = PlacesPhotos;
			sourceTree = "<group>";
		};
/* End PBXGroup section */

/* Begin PBXNativeTarget section */
		1725D1BB1CADF10600827077 /* TravelToRio */ = {
			isa = PBXNativeTarget;
			buildConfigurationList = 1725D1E41CADF10700827077 /* Build configuration list for PBXNativeTarget "TravelToRio" */;
			buildPhases = (
				1725D1B81CADF10600827077 /* Sources */,
				1725D1B91CADF10600827077 /* Frameworks */,
				1725D1BA1CADF10600827077 /* Resources */,
			);
			buildRules = (
			);
			dependencies = (
			);
			name = TravelToRio;
			productName = TravelToRio;
			productReference = 1725D1BC1CADF10600827077 /* TravelToRio.app */;
			productType = "com.apple.product-type.application";
		};
		1725D1CF1CADF10600827077 /* TravelToRioTests */ = {
			isa = PBXNativeTarget;
			buildConfigurationList = 1725D1E71CADF10700827077 /* Build configuration list for PBXNativeTarget "TravelToRioTests" */;
			buildPhases = (
				1725D1CC1CADF10600827077 /* Sources */,
				1725D1CD1CADF10600827077 /* Frameworks */,
				1725D1CE1CADF10600827077 /* Resources */,
			);
			buildRules = (
			);
			dependencies = (
				1725D1D21CADF10600827077 /* PBXTargetDependency */,
			);
			name = TravelToRioTests;
			productName = TravelToRioTests;
			productReference = 1725D1D01CADF10600827077 /* TravelToRioTests.xctest */;
			productType = "com.apple.product-type.bundle.unit-test";
		};
		1725D1DA1CADF10700827077 /* TravelToRioUITests */ = {
			isa = PBXNativeTarget;
			buildConfigurationList = 1725D1EA1CADF10700827077 /* Build configuration list for PBXNativeTarget "TravelToRioUITests" */;
			buildPhases = (
				1725D1D71CADF10700827077 /* Sources */,
				1725D1D81CADF10700827077 /* Frameworks */,
				1725D1D91CADF10700827077 /* Resources */,
			);
			buildRules = (
			);
			dependencies = (
				1725D1DD1CADF10700827077 /* PBXTargetDependency */,
			);
			name = TravelToRioUITests;
			productName = TravelToRioUITests;
			productReference = 1725D1DB1CADF10700827077 /* TravelToRioUITests.xctest */;
			productType = "com.apple.product-type.bundle.ui-testing";
		};
/* End PBXNativeTarget section */

/* Begin PBXProject section */
		1725D1B41CADF10600827077 /* Project object */ = {
			isa = PBXProject;
			attributes = {
				LastSwiftUpdateCheck = 0720;
				LastUpgradeCheck = 0720;
				ORGANIZATIONNAME = "Raysa Dutra";
				TargetAttributes = {
					1725D1BB1CADF10600827077 = {
						CreatedOnToolsVersion = 7.2;
					};
					1725D1CF1CADF10600827077 = {
						CreatedOnToolsVersion = 7.2;
						TestTargetID = 1725D1BB1CADF10600827077;
					};
					1725D1DA1CADF10700827077 = {
						CreatedOnToolsVersion = 7.2;
						TestTargetID = 1725D1BB1CADF10600827077;
					};
				};
			};
			buildConfigurationList = 1725D1B71CADF10600827077 /* Build configuration list for PBXProject "TravelToRio" */;
			compatibilityVersion = "Xcode 3.2";
			developmentRegion = English;
			hasScannedForEncodings = 0;
			knownRegions = (
				en,
				Base,
			);
			mainGroup = 1725D1B31CADF10600827077;
			productRefGroup = 1725D1BD1CADF10600827077 /* Products */;
			projectDirPath = "";
			projectRoot = "";
			targets = (
				1725D1BB1CADF10600827077 /* TravelToRio */,
				1725D1CF1CADF10600827077 /* TravelToRioTests */,
				1725D1DA1CADF10700827077 /* TravelToRioUITests */,
			);
		};
/* End PBXProject section */

/* Begin PBXResourcesBuildPhase section */
		1725D1BA1CADF10600827077 /* Resources */ = {
			isa = PBXResourcesBuildPhase;
			buildActionMask = 2147483647;
			files = (
				F241521C1CB231DD00631DFE /* audio2Perdido.wav in Resources */,
				F24151BD1CB1F31F00631DFE /* Bust-96.png in Resources */,
				F24152001CB1F5E000631DFE /* MiranteDonaMarta.jpg in Resources */,
				F24152021CB1F5E000631DFE /* MuseudoAmanhã.jpg in Resources */,
				F24151BE1CB1F31F00631DFE /* Collaboration-80.png in Resources */,
				F24151D11CB1F31F00631DFE /* Police Station-96.png in Resources */,
				F24151D71CB1F31F00631DFE /* Waypoint Map-96.png in Resources */,
				F24152081CB1F5E000631DFE /* PraiadoLeblon.jpg in Resources */,
				F24151C41CB1F31F00631DFE /* Gas Mask-96.png in Resources */,
				F241520F1CB1FF5F00631DFE /* Telescope-96.png in Resources */,
				1725D1CA1CADF10600827077 /* LaunchScreen.storyboard in Resources */,
				F24151C01CB1F31F00631DFE /* Embassy-96.png in Resources */,
				F24152051CB1F5E000631DFE /* PasseioPublico.jpg in Resources */,
				17FDD9AE1CAF1EE9005AAD15 /* Safety.plist in Resources */,
				F24151BC1CB1F31F00631DFE /* Businesswoman-80.png in Resources */,
				F24151F61CB1F5E000631DFE /* AterrodoFlamengo.jpeg in Resources */,
				F241521B1CB231DD00631DFE /* audio1Portugues.wav in Resources */,
				F24151D41CB1F31F00631DFE /* Skyscrapers-96.png in Resources */,
				F24151B91CB1F31F00631DFE /* Arena-96.png in Resources */,
				F24151C91CB1F31F00631DFE /* Mailbox With Letter-96.png in Resources */,
				F241521F1CB231DD00631DFE /* audio5Taxi.wav in Resources */,
				F241520C1CB1F5E000631DFE /* TeatroMunicipal.jpg in Resources */,
				F24152061CB1F5E000631DFE /* PraiadeCopacabana.jpg in Resources */,
				F24151CF1CB1F31F00631DFE /* Nurse-80.png in Resources */,
				F241521D1CB231DD00631DFE /* audio3Roubado.wav in Resources */,
				F24152041CB1F5E000631DFE /* ParqueLage.png in Resources */,
				F241520A1CB1F5E000631DFE /* Sambodromo.bmp in Resources */,
				F241520B1CB1F5E000631DFE /* SantaTeresa.jpg in Resources */,
				F24151B81CB1F31F00631DFE /* Archeology-96.png in Resources */,
				F24151C71CB1F31F00631DFE /* Lighthouse-96.png in Resources */,
				F24152151CB2108800631DFE /* Expressions.plist in Resources */,
				1725D1C71CADF10600827077 /* Assets.xcassets in Resources */,
				F24151FA1CB1F5E000631DFE /* CCBB.jpeg in Resources */,
				F24151C81CB1F31F00631DFE /* Lion Statue-96.png in Resources */,
				1725D1C51CADF10600827077 /* Main.storyboard in Resources */,
				F24151C61CB1F31F00631DFE /* Leo-96.png in Resources */,
				F24151FF1CB1F5E000631DFE /* Maracana.jpg in Resources */,
				F24151BA1CB1F31F00631DFE /* Basilica Filled-100.png in Resources */,
				F24151FB1CB1F5E000631DFE /* CorcovadoeCristoRedentor.jpeg in Resources */,
				F24151BB1CB1F31F00631DFE /* Blackberry-96.png in Resources */,
				F24151FC1CB1F5E000631DFE /* EscadasdeSelaron.jpeg in Resources */,
				F24152011CB1F5E000631DFE /* MorroDoisIrmaosVidigal.jpeg in Resources */,
				F24151FD1CB1F5E000631DFE /* FlorestadaTijuca.jpeg in Resources */,
				F24151C31CB1F31F00631DFE /* Forest-96.png in Resources */,
				F24152091CB1F5E000631DFE /* Rocinha.jpg in Resources */,
				F24151D21CB1F31F00631DFE /* Region Code-96.png in Resources */,
				F241521E1CB231DD00631DFE /* audio4Delegacia.wav in Resources */,
				F24151BF1CB1F31F00631DFE /* Creek-96.png in Resources */,
				F24151D51CB1F31F00631DFE /* Star-96.png in Resources */,
				F24151F91CB1F5E000631DFE /* CatedraldeSaoSebastiao.jpeg in Resources */,
				F24152071CB1F5E000631DFE /* PraiadeIpanema.jpg in Resources */,
				F24151F81CB1F5E000631DFE /* Candelaria.jpeg in Resources */,
				F24151F51CB1F5E000631DFE /* Arpoador.jpeg in Resources */,
				178726C11CAF399D00D9DD04 /* Places.plist in Resources */,
				17DFA8E71CBEF7BD005C8BBC /* Media.xcassets in Resources */,
				F24151CA1CB1F31F00631DFE /* Manual-96.png in Resources */,
				F24151FE1CB1F5E000631DFE /* JardimBotanico.jpeg in Resources */,
				17FDD9B01CAF1FE1005AAD15 /* Menu.plist in Resources */,
				F24151D01CB1F31F00631DFE /* Police Badge-96.png in Resources */,
				F24151C11CB1F31F00631DFE /* Flip Flops-96.png in Resources */,
				F24151F71CB1F5E000631DFE /* BondinhodoAlemao.jpeg in Resources */,
				F241520D1CB1F5E000631DFE /* VistaChinesa.jpg in Resources */,
				F24151D91CB1F31F00631DFE /* World Map-96.png in Resources */,
				17D20B271CB6CE8B009B04C7 /* 2016-03-23 14_50_27-Greenshot capture form.png in Resources */,
				F24151D31CB1F31F00631DFE /* Sheriff-96.png in Resources */,
				F24152131CB20E4B00631DFE /* Proceeds.plist in Resources */,
				F24152031CB1F5E000631DFE /* PaodeAcucar.jpg in Resources */,
				F24151C51CB1F31F00631DFE /* GitHub-96.png in Resources */,
			);
			runOnlyForDeploymentPostprocessing = 0;
		};
		1725D1CE1CADF10600827077 /* Resources */ = {
			isa = PBXResourcesBuildPhase;
			buildActionMask = 2147483647;
			files = (
			);
			runOnlyForDeploymentPostprocessing = 0;
		};
		1725D1D91CADF10700827077 /* Resources */ = {
			isa = PBXResourcesBuildPhase;
			buildActionMask = 2147483647;
			files = (
			);
			runOnlyForDeploymentPostprocessing = 0;
		};
/* End PBXResourcesBuildPhase section */

/* Begin PBXSourcesBuildPhase section */
		1725D1B81CADF10600827077 /* Sources */ = {
			isa = PBXSourcesBuildPhase;
			buildActionMask = 2147483647;
			files = (
				17D20B2F1CB6EA39009B04C7 /* BeachSafetyViewController.swift in Sources */,
				173693211CB058920084F231 /* AboutPlaceViewController.swift in Sources */,
				1725D1C21CADF10600827077 /* ViewController.swift in Sources */,
				17466EBD1CB30B63002BF7BC /* MenuTableViewController.swift in Sources */,
				17D20B311CB6EA66009B04C7 /* BeAwareViewController.swift in Sources */,
				17D20B2D1CB6EA07009B04C7 /* GeneralSafetyViewController.swift in Sources */,
				1725D1C01CADF10600827077 /* AppDelegate.swift in Sources */,
				178726C31CAF4FDA00D9DD04 /* PlaceTableViewController.swift in Sources */,
				17D20B371CB6FCA1009B04C7 /* ProceedsTableViewController.swift in Sources */,
				17D20B2B1CB6E496009B04C7 /* SafetyTableViewController.swift in Sources */,
				17D20B3B1CB6FE13009B04C7 /* HealthViewController.swift in Sources */,
				17D20B391CB6FDB8009B04C7 /* NumbersViewController.swift in Sources */,
				178726BD1CAF37F500D9DD04 /* TypeTableViewController.swift in Sources */,
				178726BF1CAF388700D9DD04 /* TypeTableViewCell.swift in Sources */,
				17D20B3D1CB6FE78009B04C7 /* ProceedViewController.swift in Sources */,
				17D20B331CB6EAB2009B04C7 /* FinancialSafetyViewController.swift in Sources */,
				17E932781CB48759007C7C78 /* ExpressionsTableViewController.swift in Sources */,
				178726C51CAF501400D9DD04 /* PlaceTableViewCell.swift in Sources */,
				1736931F1CB0587D0084F231 /* MapViewController.swift in Sources */,
			);
			runOnlyForDeploymentPostprocessing = 0;
		};
		1725D1CC1CADF10600827077 /* Sources */ = {
			isa = PBXSourcesBuildPhase;
			buildActionMask = 2147483647;
			files = (
				1725D1D51CADF10600827077 /* TravelToRioTests.swift in Sources */,
			);
			runOnlyForDeploymentPostprocessing = 0;
		};
		1725D1D71CADF10700827077 /* Sources */ = {
			isa = PBXSourcesBuildPhase;
			buildActionMask = 2147483647;
			files = (
				1725D1E01CADF10700827077 /* TravelToRioUITests.swift in Sources */,
			);
			runOnlyForDeploymentPostprocessing = 0;
		};
/* End PBXSourcesBuildPhase section */

/* Begin PBXTargetDependency section */
		1725D1D21CADF10600827077 /* PBXTargetDependency */ = {
			isa = PBXTargetDependency;
			target = 1725D1BB1CADF10600827077 /* TravelToRio */;
			targetProxy = 1725D1D11CADF10600827077 /* PBXContainerItemProxy */;
		};
		1725D1DD1CADF10700827077 /* PBXTargetDependency */ = {
			isa = PBXTargetDependency;
			target = 1725D1BB1CADF10600827077 /* TravelToRio */;
			targetProxy = 1725D1DC1CADF10700827077 /* PBXContainerItemProxy */;
		};
/* End PBXTargetDependency section */

/* Begin PBXVariantGroup section */
		1725D1C31CADF10600827077 /* Main.storyboard */ = {
			isa = PBXVariantGroup;
			children = (
				1725D1C41CADF10600827077 /* Base */,
			);
			name = Main.storyboard;
			sourceTree = "<group>";
		};
		1725D1C81CADF10600827077 /* LaunchScreen.storyboard */ = {
			isa = PBXVariantGroup;
			children = (
				1725D1C91CADF10600827077 /* Base */,
			);
			name = LaunchScreen.storyboard;
			sourceTree = "<group>";
		};
/* End PBXVariantGroup section */

/* Begin XCBuildConfiguration section */
		1725D1E21CADF10700827077 /* Debug */ = {
			isa = XCBuildConfiguration;
			buildSettings = {
				ALWAYS_SEARCH_USER_PATHS = NO;
				CLANG_CXX_LANGUAGE_STANDARD = "gnu++0x";
				CLANG_CXX_LIBRARY = "libc++";
				CLANG_ENABLE_MODULES = YES;
				CLANG_ENABLE_OBJC_ARC = YES;
				CLANG_WARN_BOOL_CONVERSION = YES;
				CLANG_WARN_CONSTANT_CONVERSION = YES;
				CLANG_WARN_DIRECT_OBJC_ISA_USAGE = YES_ERROR;
				CLANG_WARN_EMPTY_BODY = YES;
				CLANG_WARN_ENUM_CONVERSION = YES;
				CLANG_WARN_INT_CONVERSION = YES;
				CLANG_WARN_OBJC_ROOT_CLASS = YES_ERROR;
				CLANG_WARN_UNREACHABLE_CODE = YES;
				CLANG_WARN__DUPLICATE_METHOD_MATCH = YES;
				"CODE_SIGN_IDENTITY[sdk=iphoneos*]" = "iPhone Developer";
				COPY_PHASE_STRIP = NO;
				DEBUG_INFORMATION_FORMAT = dwarf;
				ENABLE_STRICT_OBJC_MSGSEND = YES;
				ENABLE_TESTABILITY = YES;
				GCC_C_LANGUAGE_STANDARD = gnu99;
				GCC_DYNAMIC_NO_PIC = NO;
				GCC_NO_COMMON_BLOCKS = YES;
				GCC_OPTIMIZATION_LEVEL = 0;
				GCC_PREPROCESSOR_DEFINITIONS = (
					"DEBUG=1",
					"$(inherited)",
				);
				GCC_WARN_64_TO_32_BIT_CONVERSION = YES;
				GCC_WARN_ABOUT_RETURN_TYPE = YES_ERROR;
				GCC_WARN_UNDECLARED_SELECTOR = YES;
				GCC_WARN_UNINITIALIZED_AUTOS = YES_AGGRESSIVE;
				GCC_WARN_UNUSED_FUNCTION = YES;
				GCC_WARN_UNUSED_VARIABLE = YES;
				IPHONEOS_DEPLOYMENT_TARGET = 9.2;
				MTL_ENABLE_DEBUG_INFO = YES;
				ONLY_ACTIVE_ARCH = YES;
				SDKROOT = iphoneos;
				SWIFT_OPTIMIZATION_LEVEL = "-Onone";
			};
			name = Debug;
		};
		1725D1E31CADF10700827077 /* Release */ = {
			isa = XCBuildConfiguration;
			buildSettings = {
				ALWAYS_SEARCH_USER_PATHS = NO;
				CLANG_CXX_LANGUAGE_STANDARD = "gnu++0x";
				CLANG_CXX_LIBRARY = "libc++";
				CLANG_ENABLE_MODULES = YES;
				CLANG_ENABLE_OBJC_ARC = YES;
				CLANG_WARN_BOOL_CONVERSION = YES;
				CLANG_WARN_CONSTANT_CONVERSION = YES;
				CLANG_WARN_DIRECT_OBJC_ISA_USAGE = YES_ERROR;
				CLANG_WARN_EMPTY_BODY = YES;
				CLANG_WARN_ENUM_CONVERSION = YES;
				CLANG_WARN_INT_CONVERSION = YES;
				CLANG_WARN_OBJC_ROOT_CLASS = YES_ERROR;
				CLANG_WARN_UNREACHABLE_CODE = YES;
				CLANG_WARN__DUPLICATE_METHOD_MATCH = YES;
				"CODE_SIGN_IDENTITY[sdk=iphoneos*]" = "iPhone Developer";
				COPY_PHASE_STRIP = NO;
				DEBUG_INFORMATION_FORMAT = "dwarf-with-dsym";
				ENABLE_NS_ASSERTIONS = NO;
				ENABLE_STRICT_OBJC_MSGSEND = YES;
				GCC_C_LANGUAGE_STANDARD = gnu99;
				GCC_NO_COMMON_BLOCKS = YES;
				GCC_WARN_64_TO_32_BIT_CONVERSION = YES;
				GCC_WARN_ABOUT_RETURN_TYPE = YES_ERROR;
				GCC_WARN_UNDECLARED_SELECTOR = YES;
				GCC_WARN_UNINITIALIZED_AUTOS = YES_AGGRESSIVE;
				GCC_WARN_UNUSED_FUNCTION = YES;
				GCC_WARN_UNUSED_VARIABLE = YES;
				IPHONEOS_DEPLOYMENT_TARGET = 9.2;
				MTL_ENABLE_DEBUG_INFO = NO;
				SDKROOT = iphoneos;
				VALIDATE_PRODUCT = YES;
			};
			name = Release;
		};
		1725D1E51CADF10700827077 /* Debug */ = {
			isa = XCBuildConfiguration;
			buildSettings = {
				ASSETCATALOG_COMPILER_APPICON_NAME = AppIcon;
				INFOPLIST_FILE = TravelToRio/Info.plist;
				LD_RUNPATH_SEARCH_PATHS = "$(inherited) @executable_path/Frameworks";
				PRODUCT_BUNDLE_IDENTIFIER = "github.com-rai-dietra4.TravelToRio";
				PRODUCT_NAME = "$(TARGET_NAME)";
			};
			name = Debug;
		};
		1725D1E61CADF10700827077 /* Release */ = {
			isa = XCBuildConfiguration;
			buildSettings = {
				ASSETCATALOG_COMPILER_APPICON_NAME = AppIcon;
				INFOPLIST_FILE = TravelToRio/Info.plist;
				LD_RUNPATH_SEARCH_PATHS = "$(inherited) @executable_path/Frameworks";
				PRODUCT_BUNDLE_IDENTIFIER = "github.com-rai-dietra4.TravelToRio";
				PRODUCT_NAME = "$(TARGET_NAME)";
			};
			name = Release;
		};
		1725D1E81CADF10700827077 /* Debug */ = {
			isa = XCBuildConfiguration;
			buildSettings = {
				BUNDLE_LOADER = "$(TEST_HOST)";
				INFOPLIST_FILE = TravelToRioTests/Info.plist;
				LD_RUNPATH_SEARCH_PATHS = "$(inherited) @executable_path/Frameworks @loader_path/Frameworks";
				PRODUCT_BUNDLE_IDENTIFIER = "github.com-rai-dietra4.TravelToRioTests";
				PRODUCT_NAME = "$(TARGET_NAME)";
				TEST_HOST = "$(BUILT_PRODUCTS_DIR)/TravelToRio.app/TravelToRio";
			};
			name = Debug;
		};
		1725D1E91CADF10700827077 /* Release */ = {
			isa = XCBuildConfiguration;
			buildSettings = {
				BUNDLE_LOADER = "$(TEST_HOST)";
				INFOPLIST_FILE = TravelToRioTests/Info.plist;
				LD_RUNPATH_SEARCH_PATHS = "$(inherited) @executable_path/Frameworks @loader_path/Frameworks";
				PRODUCT_BUNDLE_IDENTIFIER = "github.com-rai-dietra4.TravelToRioTests";
				PRODUCT_NAME = "$(TARGET_NAME)";
				TEST_HOST = "$(BUILT_PRODUCTS_DIR)/TravelToRio.app/TravelToRio";
			};
			name = Release;
		};
		1725D1EB1CADF10700827077 /* Debug */ = {
			isa = XCBuildConfiguration;
			buildSettings = {
				INFOPLIST_FILE = TravelToRioUITests/Info.plist;
				LD_RUNPATH_SEARCH_PATHS = "$(inherited) @executable_path/Frameworks @loader_path/Frameworks";
				PRODUCT_BUNDLE_IDENTIFIER = "github.com-rai-dietra4.TravelToRioUITests";
				PRODUCT_NAME = "$(TARGET_NAME)";
				TEST_TARGET_NAME = TravelToRio;
				USES_XCTRUNNER = YES;
			};
			name = Debug;
		};
		1725D1EC1CADF10700827077 /* Release */ = {
			isa = XCBuildConfiguration;
			buildSettings = {
				INFOPLIST_FILE = TravelToRioUITests/Info.plist;
				LD_RUNPATH_SEARCH_PATHS = "$(inherited) @executable_path/Frameworks @loader_path/Frameworks";
				PRODUCT_BUNDLE_IDENTIFIER = "github.com-rai-dietra4.TravelToRioUITests";
				PRODUCT_NAME = "$(TARGET_NAME)";
				TEST_TARGET_NAME = TravelToRio;
				USES_XCTRUNNER = YES;
			};
			name = Release;
		};
/* End XCBuildConfiguration section */

/* Begin XCConfigurationList section */
		1725D1B71CADF10600827077 /* Build configuration list for PBXProject "TravelToRio" */ = {
			isa = XCConfigurationList;
			buildConfigurations = (
				1725D1E21CADF10700827077 /* Debug */,
				1725D1E31CADF10700827077 /* Release */,
			);
			defaultConfigurationIsVisible = 0;
			defaultConfigurationName = Release;
		};
		1725D1E41CADF10700827077 /* Build configuration list for PBXNativeTarget "TravelToRio" */ = {
			isa = XCConfigurationList;
			buildConfigurations = (
				1725D1E51CADF10700827077 /* Debug */,
				1725D1E61CADF10700827077 /* Release */,
			);
			defaultConfigurationIsVisible = 0;
			defaultConfigurationName = Release;
		};
		1725D1E71CADF10700827077 /* Build configuration list for PBXNativeTarget "TravelToRioTests" */ = {
			isa = XCConfigurationList;
			buildConfigurations = (
				1725D1E81CADF10700827077 /* Debug */,
				1725D1E91CADF10700827077 /* Release */,
			);
			defaultConfigurationIsVisible = 0;
			defaultConfigurationName = Release;
		};
		1725D1EA1CADF10700827077 /* Build configuration list for PBXNativeTarget "TravelToRioUITests" */ = {
			isa = XCConfigurationList;
			buildConfigurations = (
				1725D1EB1CADF10700827077 /* Debug */,
				1725D1EC1CADF10700827077 /* Release */,
			);
			defaultConfigurationIsVisible = 0;
			defaultConfigurationName = Release;
		};
/* End XCConfigurationList section */
	};
	rootObject = 1725D1B41CADF10600827077 /* Project object */;
}
